
Microsoft Visual Studio Solution File, Format Version 12.00
# Visual Studio 15
VisualStudioVersion = 15.0.26124.0
MinimumVisualStudioVersion = 15.0.26124.0
Project("{FAE04EC0-301F-11D3-BF4B-00C04F79EFBC}") = "AssistenciaTecnica.WebAPI", "AssistenciaTecnica.WebAPI\AssistenciaTecnica.WebAPI.csproj", "{98DF5872-3F1A-4083-A9BF-D9097439747E}"
EndProject
Project("{FAE04EC0-301F-11D3-BF4B-00C04F79EFBC}") = "AssistenciaTecnica.Repository", "AssistenciaTecnica.Repository\AssistenciaTecnica.Repository.csproj", "{F4BFC2B7-AC33-4184-A9AF-C452F1BE52EF}"
EndProject
Project("{FAE04EC0-301F-11D3-BF4B-00C04F79EFBC}") = "AssistenciaTecnica.Domain", "AssistenciaTecnica.Domain\AssistenciaTecnica.Domain.csproj", "{87B59C6C-E918-4D54-8482-B7EB2E38B82E}"
EndProject
Global
	GlobalSection(SolutionConfigurationPlatforms) = preSolution
		Debug|Any CPU = Debug|Any CPU
		Debug|x64 = Debug|x64
		Debug|x86 = Debug|x86
		Release|Any CPU = Release|Any CPU
		Release|x64 = Release|x64
		Release|x86 = Release|x86
	EndGlobalSection
	GlobalSection(SolutionProperties) = preSolution
		HideSolutionNode = FALSE
	EndGlobalSection
	GlobalSection(ProjectConfigurationPlatforms) = postSolution
		{98DF5872-3F1A-4083-A9BF-D9097439747E}.Debug|Any CPU.ActiveCfg = Debug|Any CPU
		{98DF5872-3F1A-4083-A9BF-D9097439747E}.Debug|Any CPU.Build.0 = Debug|Any CPU
		{98DF5872-3F1A-4083-A9BF-D9097439747E}.Debug|x64.ActiveCfg = Debug|Any CPU
		{98DF5872-3F1A-4083-A9BF-D9097439747E}.Debug|x64.Build.0 = Debug|Any CPU
		{98DF5872-3F1A-4083-A9BF-D9097439747E}.Debug|x86.ActiveCfg = Debug|Any CPU
		{98DF5872-3F1A-4083-A9BF-D9097439747E}.Debug|x86.Build.0 = Debug|Any CPU
		{98DF5872-3F1A-4083-A9BF-D9097439747E}.Release|Any CPU.ActiveCfg = Release|Any CPU
		{98DF5872-3F1A-4083-A9BF-D9097439747E}.Release|Any CPU.Build.0 = Release|Any CPU
		{98DF5872-3F1A-4083-A9BF-D9097439747E}.Release|x64.ActiveCfg = Release|Any CPU
		{98DF5872-3F1A-4083-A9BF-D9097439747E}.Release|x64.Build.0 = Release|Any CPU
		{98DF5872-3F1A-4083-A9BF-D9097439747E}.Release|x86.ActiveCfg = Release|Any CPU
		{98DF5872-3F1A-4083-A9BF-D9097439747E}.Release|x86.Build.0 = Release|Any CPU
		{F4BFC2B7-AC33-4184-A9AF-C452F1BE52EF}.Debug|Any CPU.ActiveCfg = Debug|Any CPU
		{F4BFC2B7-AC33-4184-A9AF-C452F1BE52EF}.Debug|Any CPU.Build.0 = Debug|Any CPU
		{F4BFC2B7-AC33-4184-A9AF-C452F1BE52EF}.Debug|x64.ActiveCfg = Debug|Any CPU
		{F4BFC2B7-AC33-4184-A9AF-C452F1BE52EF}.Debug|x64.Build.0 = Debug|Any CPU
		{F4BFC2B7-AC33-4184-A9AF-C452F1BE52EF}.Debug|x86.ActiveCfg = Debug|Any CPU
		{F4BFC2B7-AC33-4184-A9AF-C452F1BE52EF}.Debug|x86.Build.0 = Debug|Any CPU
		{F4BFC2B7-AC33-4184-A9AF-C452F1BE52EF}.Release|Any CPU.ActiveCfg = Release|Any CPU
		{F4BFC2B7-AC33-4184-A9AF-C452F1BE52EF}.Release|Any CPU.Build.0 = Release|Any CPU
		{F4BFC2B7-AC33-4184-A9AF-C452F1BE52EF}.Release|x64.ActiveCfg = Release|Any CPU
		{F4BFC2B7-AC33-4184-A9AF-C452F1BE52EF}.Release|x64.Build.0 = Release|Any CPU
		{F4BFC2B7-AC33-4184-A9AF-C452F1BE52EF}.Release|x86.ActiveCfg = Release|Any CPU
		{F4BFC2B7-AC33-4184-A9AF-C452F1BE52EF}.Release|x86.Build.0 = Release|Any CPU
		{87B59C6C-E918-4D54-8482-B7EB2E38B82E}.Debug|Any CPU.ActiveCfg = Debug|Any CPU
		{87B59C6C-E918-4D54-8482-B7EB2E38B82E}.Debug|Any CPU.Build.0 = Debug|Any CPU
		{87B59C6C-E918-4D54-8482-B7EB2E38B82E}.Debug|x64.ActiveCfg = Debug|Any CPU
		{87B59C6C-E918-4D54-8482-B7EB2E38B82E}.Debug|x64.Build.0 = Debug|Any CPU
		{87B59C6C-E918-4D54-8482-B7EB2E38B82E}.Debug|x86.ActiveCfg = Debug|Any CPU
		{87B59C6C-E918-4D54-8482-B7EB2E38B82E}.Debug|x86.Build.0 = Debug|Any CPU
		{87B59C6C-E918-4D54-8482-B7EB2E38B82E}.Release|Any CPU.ActiveCfg = Release|Any CPU
		{87B59C6C-E918-4D54-8482-B7EB2E38B82E}.Release|Any CPU.Build.0 = Release|Any CPU
		{87B59C6C-E918-4D54-8482-B7EB2E38B82E}.Release|x64.ActiveCfg = Release|Any CPU
		{87B59C6C-E918-4D54-8482-B7EB2E38B82E}.Release|x64.Build.0 = Release|Any CPU
		{87B59C6C-E918-4D54-8482-B7EB2E38B82E}.Release|x86.ActiveCfg = Release|Any CPU
		{87B59C6C-E918-4D54-8482-B7EB2E38B82E}.Release|x86.Build.0 = Release|Any CPU
	EndGlobalSection
EndGlobal
