{
  "requires": true,
  "lockfileVersion": 1,
  "dependencies": {
    "@angular/platform-browser": {
      "version": "7.2.9",
      "resolved": "https://registry.npmjs.org/@angular/platform-browser/-/platform-browser-7.2.9.tgz",
      "integrity": "sha512-h7RaXllauFLa1SPcje/cK7IbwCqV6ViyeHEUAAWljrM2OWRU1zRYtDk/gcphRj4tWhhHVfQsJ9+0p3NoPP5LZw==",
      "requires": {
        "tslib": "^1.9.0"
      }
    },
    "tslib": {
      "version": "1.9.3",
      "resolved": "https://registry.npmjs.org/tslib/-/tslib-1.9.3.tgz",
      "integrity": "sha512-4krF8scpejhaOgqzBEcGM7yDIEfi0/8+8zDRZhNZZ2kjmHJ4hv3zCbQWxoJGz1iw5U0Jl0nma13xzHXcncMavQ=="
    }
  }
}
